PODS:
  - Google-Mobile-Ads-SDK (11.3.0):
    - GoogleUserMessagingPlatform (>= 1.1)
  - GoogleUserMessagingPlatform (2.4.0)

DEPENDENCIES:
  - Google-Mobile-Ads-SDK

SPEC REPOS:
  trunk:
    - Google-Mobile-Ads-SDK
    - GoogleUserMessagingPlatform

SPEC CHECKSUMS:
  Google-Mobile-Ads-SDK: 301a16c461c331ba34ff4dab40a22ab7c147af61
  GoogleUserMessagingPlatform: f131fa7978d2ba88d7426702b057c2cc318e6595

PODFILE CHECKSUM: f65e570371c7bf6bafdba2b5bd54658d682d8b4e

COCOAPODS: 1.15.0
